
Microsoft Visual Studio Solution File, Format Version 12.00
# Visual Studio Version 16
VisualStudioVersion = 16.0.31613.86
MinimumVisualStudioVersion = 10.0.40219.1
Project("{FAE04EC0-301F-11D3-BF4B-00C04F79EFBC}") = "Facultad.Consola", "ConsoleApp1\Facultad.Consola.csproj", "{4F511953-1505-49C3-A413-E4117A0BE0E8}"
EndProject
Project("{FAE04EC0-301F-11D3-BF4B-00C04F79EFBC}") = "Facultad.Libreria", "..\Facultad.Libreria\Facultad.Libreria.csproj", "{D9D882F3-8EA9-449A-AA97-ECA15845981C}"
EndProject
Global
	GlobalSection(SolutionConfigurationPlatforms) = preSolution
		Debug|Any CPU = Debug|Any CPU
		Release|Any CPU = Release|Any CPU
	EndGlobalSection
	GlobalSection(ProjectConfigurationPlatforms) = postSolution
		{4F511953-1505-49C3-A413-E4117A0BE0E8}.Debug|Any CPU.ActiveCfg = Debug|Any CPU
		{4F511953-1505-49C3-A413-E4117A0BE0E8}.Debug|Any CPU.Build.0 = Debug|Any CPU
		{4F511953-1505-49C3-A413-E4117A0BE0E8}.Release|Any CPU.ActiveCfg = Release|Any CPU
		{4F511953-1505-49C3-A413-E4117A0BE0E8}.Release|Any CPU.Build.0 = Release|Any CPU
		{D9D882F3-8EA9-449A-AA97-ECA15845981C}.Debug|Any CPU.ActiveCfg = Debug|Any CPU
		{D9D882F3-8EA9-449A-AA97-ECA15845981C}.Debug|Any CPU.Build.0 = Debug|Any CPU
		{D9D882F3-8EA9-449A-AA97-ECA15845981C}.Release|Any CPU.ActiveCfg = Release|Any CPU
		{D9D882F3-8EA9-449A-AA97-ECA15845981C}.Release|Any CPU.Build.0 = Release|Any CPU
	EndGlobalSection
	GlobalSection(SolutionProperties) = preSolution
		HideSolutionNode = FALSE
	EndGlobalSection
	GlobalSection(ExtensibilityGlobals) = postSolution
		SolutionGuid = {25EC4569-E8C0-4E56-AFAA-92E0F71CFB09}
	EndGlobalSection
EndGlobal
